
Microsoft Visual Studio Solution File, Format Version 12.00
# Visual Studio Version 17
VisualStudioVersion = 17.9.34723.18
MinimumVisualStudioVersion = 10.0.40219.1
Project("{9A19103F-16F7-4668-BE54-9A1E7A4F7556}") = "PBS_Image", "PBS_Image\PBS_Image.csproj", "{6AE291A6-F299-4161-A00E-7928D107B4E9}"
EndProject
Project("{FAE04EC0-301F-11D3-BF4B-00C04F79EFBC}") = "PBS_ImageTests1", "PBS_ImageTests1\PBS_ImageTests1.csproj", "{C7777511-D40A-4285-9F6C-8AB635A9CB32}"
EndProject
Global
	GlobalSection(SolutionConfigurationPlatforms) = preSolution
		Debug|Any CPU = Debug|Any CPU
		Release|Any CPU = Release|Any CPU
	EndGlobalSection
	GlobalSection(ProjectConfigurationPlatforms) = postSolution
		{6AE291A6-F299-4161-A00E-7928D107B4E9}.Debug|Any CPU.ActiveCfg = Debug|Any CPU
		{6AE291A6-F299-4161-A00E-7928D107B4E9}.Debug|Any CPU.Build.0 = Debug|Any CPU
		{6AE291A6-F299-4161-A00E-7928D107B4E9}.Release|Any CPU.ActiveCfg = Release|Any CPU
		{6AE291A6-F299-4161-A00E-7928D107B4E9}.Release|Any CPU.Build.0 = Release|Any CPU
		{C7777511-D40A-4285-9F6C-8AB635A9CB32}.Debug|Any CPU.ActiveCfg = Debug|Any CPU
		{C7777511-D40A-4285-9F6C-8AB635A9CB32}.Debug|Any CPU.Build.0 = Debug|Any CPU
		{C7777511-D40A-4285-9F6C-8AB635A9CB32}.Release|Any CPU.ActiveCfg = Release|Any CPU
		{C7777511-D40A-4285-9F6C-8AB635A9CB32}.Release|Any CPU.Build.0 = Release|Any CPU
	EndGlobalSection
	GlobalSection(SolutionProperties) = preSolution
		HideSolutionNode = FALSE
	EndGlobalSection
	GlobalSection(ExtensibilityGlobals) = postSolution
		SolutionGuid = {175BBD4E-F82C-4511-8035-5217C18844ED}
	EndGlobalSection
EndGlobal
